// !$*UTF8*$!
{
	archiveVersion = 1;
	classes = {
	};
	objectVersion = 56;
	objects = {

/* Begin PBXBuildFile section */
		58469F022910DA65001B222C /* AppDelegate.swift in Sources */ = {isa = PBXBuildFile; fileRef = 58469F012910DA65001B222C /* AppDelegate.swift */; };
		58469F042910DA65001B222C /* SceneDelegate.swift in Sources */ = {isa = PBXBuildFile; fileRef = 58469F032910DA65001B222C /* SceneDelegate.swift */; };
		58469F062910DA65001B222C /* ViewController.swift in Sources */ = {isa = PBXBuildFile; fileRef = 58469F052910DA65001B222C /* ViewController.swift */; };
		58469F092910DA65001B222C /* Main.storyboard in Resources */ = {isa = PBXBuildFile; fileRef = 58469F072910DA65001B222C /* Main.storyboard */; };
		58469F0C2910DA65001B222C /* list_app.xcdatamodeld in Sources */ = {isa = PBXBuildFile; fileRef = 58469F0A2910DA65001B222C /* list_app.xcdatamodeld */; };
		58469F0E2910DA67001B222C /* Assets.xcassets in Resources */ = {isa = PBXBuildFile; fileRef = 58469F0D2910DA67001B222C /* Assets.xcassets */; };
		58469F112910DA67001B222C /* LaunchScreen.storyboard in Resources */ = {isa = PBXBuildFile; fileRef = 58469F0F2910DA67001B222C /* LaunchScreen.storyboard */; };
/* End PBXBuildFile section */

/* Begin PBXFileReference section */
		58469EFE2910DA65001B222C /* list app.app */ = {isa = PBXFileReference; explicitFileType = wrapper.application; includeInIndex = 0; path = "list app.app"; sourceTree = BUILT_PRODUCTS_DIR; };
		58469F012910DA65001B222C /* AppDelegate.swift */ = {isa = PBXFileReference; lastKnownFileType = sourcecode.swift; path = AppDelegate.swift; sourceTree = "<group>"; };
		58469F032910DA65001B222C /* SceneDelegate.swift */ = {isa = PBXFileReference; lastKnownFileType = sourcecode.swift; path = SceneDelegate.swift; sourceTree = "<group>"; };
		58469F052910DA65001B222C /* ViewController.swift */ = {isa = PBXFileReference; lastKnownFileType = sourcecode.swift; path = ViewController.swift; sourceTree = "<group>"; };
		58469F082910DA65001B222C /* Base */ = {isa = PBXFileReference; lastKnownFileType = file.storyboard; name = Base; path = Base.lproj/Main.storyboard; sourceTree = "<group>"; };
		58469F0B2910DA65001B222C /* list_app.xcdatamodel */ = {isa = PBXFileReference; lastKnownFileType = wrapper.xcdatamodel; path = list_app.xcdatamodel; sourceTree = "<group>"; };
		58469F0D2910DA67001B222C /* Assets.xcassets */ = {isa = PBXFileReference; lastKnownFileType = folder.assetcatalog; path = Assets.xcassets; sourceTree = "<group>"; };
		58469F102910DA67001B222C /* Base */ = {isa = PBXFileReference; lastKnownFileType = file.storyboard; name = Base; path = Base.lproj/LaunchScreen.storyboard; sourceTree = "<group>"; };
		58469F122910DA67001B222C /* Info.plist */ = {isa = PBXFileReference; lastKnownFileType = text.plist.xml; path = Info.plist; sourceTree = "<group>"; };
/* End PBXFileReference section */

/* Begin PBXFrameworksBuildPhase section */
		58469EFB2910DA65001B222C /* Frameworks */ = {
			isa = PBXFrameworksBuildPhase;
			buildActionMask = 2147483647;
			files = (
			);
			runOnlyForDeploymentPostprocessing = 0;
		};
/* End PBXFrameworksBuildPhase section */

/* Begin PBXGroup section */
		58469EF52910DA65001B222C = {
			isa = PBXGroup;
			children = (
				58469F002910DA65001B222C /* list app */,
				58469EFF2910DA65001B222C /* Products */,
			);
			sourceTree = "<group>";
		};
		58469EFF2910DA65001B222C /* Products */ = {
			isa = PBXGroup;
			children = (
				58469EFE2910DA65001B222C /* list app.app */,
			);
			name = Products;
			sourceTree = "<group>";
		};
		58469F002910DA65001B222C /* list app */ = {
			isa = PBXGroup;
			children = (
				58469F1A2910DAEA001B222C /* Controller */,
				58469F192910DADE001B222C /* Views */,
				58469F182910DA7E001B222C /* Supporting Files */,
			);
			path = "list app";
			sourceTree = "<group>";
		};
		58469F182910DA7E001B222C /* Supporting Files */ = {
			isa = PBXGroup;
			children = (
				58469F0A2910DA65001B222C /* list_app.xcdatamodeld */,
				58469F012910DA65001B222C /* AppDelegate.swift */,
				58469F032910DA65001B222C /* SceneDelegate.swift */,
				58469F0D2910DA67001B222C /* Assets.xcassets */,
				58469F0F2910DA67001B222C /* LaunchScreen.storyboard */,
				58469F122910DA67001B222C /* Info.plist */,
			);
			path = "Supporting Files";
			sourceTree = "<group>";
		};
		58469F192910DADE001B222C /* Views */ = {
			isa = PBXGroup;
			children = (
				58469F072910DA65001B222C /* Main.storyboard */,
			);
			path = Views;
			sourceTree = "<group>";
		};
		58469F1A2910DAEA001B222C /* Controller */ = {
			isa = PBXGroup;
			children = (
				58469F052910DA65001B222C /* ViewController.swift */,
			);
			path = Controller;
			sourceTree = "<group>";
		};
/* End PBXGroup section */

/* Begin PBXNativeTarget section */
		58469EFD2910DA65001B222C /* list app */ = {
			isa = PBXNativeTarget;
			buildConfigurationList = 58469F152910DA67001B222C /* Build configuration list for PBXNativeTarget "list app" */;
			buildPhases = (
				58469EFA2910DA65001B222C /* Sources */,
				58469EFB2910DA65001B222C /* Frameworks */,
				58469EFC2910DA65001B222C /* Resources */,
			);
			buildRules = (
			);
			dependencies = (
			);
			name = "list app";
			productName = "list app";
			productReference = 58469EFE2910DA65001B222C /* list app.app */;
			productType = "com.apple.product-type.application";
		};
/* End PBXNativeTarget section */

/* Begin PBXProject section */
		58469EF62910DA65001B222C /* Project object */ = {
			isa = PBXProject;
			attributes = {
				BuildIndependentTargetsInParallel = 1;
				LastSwiftUpdateCheck = 1400;
				LastUpgradeCheck = 1400;
				TargetAttributes = {
					58469EFD2910DA65001B222C = {
						CreatedOnToolsVersion = 14.0.1;
					};
				};
			};
			buildConfigurationList = 58469EF92910DA65001B222C /* Build configuration list for PBXProject "list app" */;
			compatibilityVersion = "Xcode 14.0";
			developmentRegion = en;
			hasScannedForEncodings = 0;
			knownRegions = (
				en,
				Base,
			);
			mainGroup = 58469EF52910DA65001B222C;
			productRefGroup = 58469EFF2910DA65001B222C /* Products */;
			projectDirPath = "";
			projectRoot = "";
			targets = (
				58469EFD2910DA65001B222C /* list app */,
			);
		};
/* End PBXProject section */

/* Begin PBXResourcesBuildPhase section */
		58469EFC2910DA65001B222C /* Resources */ = {
			isa = PBXResourcesBuildPhase;
			buildActionMask = 2147483647;
			files = (
				58469F112910DA67001B222C /* LaunchScreen.storyboard in Resources */,
				58469F0E2910DA67001B222C /* Assets.xcassets in Resources */,
				58469F092910DA65001B222C /* Main.storyboard in Resources */,
			);
			runOnlyForDeploymentPostprocessing = 0;
		};
/* End PBXResourcesBuildPhase section */

/* Begin PBXSourcesBuildPhase section */
		58469EFA2910DA65001B222C /* Sources */ = {
			isa = PBXSourcesBuildPhase;
			buildActionMask = 2147483647;
			files = (
				58469F062910DA65001B222C /* ViewController.swift in Sources */,
				58469F0C2910DA65001B222C /* list_app.xcdatamodeld in Sources */,
				58469F022910DA65001B222C /* AppDelegate.swift in Sources */,
				58469F042910DA65001B222C /* SceneDelegate.swift in Sources */,
			);
			runOnlyForDeploymentPostprocessing = 0;
		};
/* End PBXSourcesBuildPhase section */

/* Begin PBXVariantGroup section */
		58469F072910DA65001B222C /* Main.storyboard */ = {
			isa = PBXVariantGroup;
			children = (
				58469F082910DA65001B222C /* Base */,
			);
			name = Main.storyboard;
			sourceTree = "<group>";
		};
		58469F0F2910DA67001B222C /* LaunchScreen.storyboard */ = {
			isa = PBXVariantGroup;
			children = (
				58469F102910DA67001B222C /* Base */,
			);
			name = LaunchScreen.storyboard;
			sourceTree = "<group>";
		};
/* End PBXVariantGroup section */

/* Begin XCBuildConfiguration section */
		58469F132910DA67001B222C /* Debug */ = {
			isa = XCBuildConfiguration;
			buildSettings = {
				ALWAYS_SEARCH_USER_PATHS = NO;
				CLANG_ANALYZER_NONNULL = YES;
				CLANG_ANALYZER_NUMBER_OBJECT_CONVERSION = YES_AGGRESSIVE;
				CLANG_CXX_LANGUAGE_STANDARD = "gnu++20";
				CLANG_ENABLE_MODULES = YES;
				CLANG_ENABLE_OBJC_ARC = YES;
				CLANG_ENABLE_OBJC_WEAK = YES;
				CLANG_WARN_BLOCK_CAPTURE_AUTORELEASING = YES;
				CLANG_WARN_BOOL_CONVERSION = YES;
				CLANG_WARN_COMMA = YES;
				CLANG_WARN_CONSTANT_CONVERSION = YES;
				CLANG_WARN_DEPRECATED_OBJC_IMPLEMENTATIONS = YES;
				CLANG_WARN_DIRECT_OBJC_ISA_USAGE = YES_ERROR;
				CLANG_WARN_DOCUMENTATION_COMMENTS = YES;
				CLANG_WARN_EMPTY_BODY = YES;
				CLANG_WARN_ENUM_CONVERSION = YES;
				CLANG_WARN_INFINITE_RECURSION = YES;
				CLANG_WARN_INT_CONVERSION = YES;
				CLANG_WARN_NON_LITERAL_NULL_CONVERSION = YES;
				CLANG_WARN_OBJC_IMPLICIT_RETAIN_SELF = YES;
				CLANG_WARN_OBJC_LITERAL_CONVERSION = YES;
				CLANG_WARN_OBJC_ROOT_CLASS = YES_ERROR;
				CLANG_WARN_QUOTED_INCLUDE_IN_FRAMEWORK_HEADER = YES;
				CLANG_WARN_RANGE_LOOP_ANALYSIS = YES;
				CLANG_WARN_STRICT_PROTOTYPES = YES;
				CLANG_WARN_SUSPICIOUS_MOVE = YES;
				CLANG_WARN_UNGUARDED_AVAILABILITY = YES_AGGRESSIVE;
				CLANG_WARN_UNREACHABLE_CODE = YES;
				CLANG_WARN__DUPLICATE_METHOD_MATCH = YES;
				COPY_PHASE_STRIP = NO;
				DEBUG_INFORMATION_FORMAT = dwarf;
				ENABLE_STRICT_OBJC_MSGSEND = YES;
				ENABLE_TESTABILITY = YES;
				GCC_C_LANGUAGE_STANDARD = gnu11;
				GCC_DYNAMIC_NO_PIC = NO;
				GCC_NO_COMMON_BLOCKS = YES;
				GCC_OPTIMIZATION_LEVEL = 0;
				GCC_PREPROCESSOR_DEFINITIONS = (
					"DEBUG=1",
					"$(inherited)",
				);
				GCC_WARN_64_TO_32_BIT_CONVERSION = YES;
				GCC_WARN_ABOUT_RETURN_TYPE = YES_ERROR;
				GCC_WARN_UNDECLARED_SELECTOR = YES;
				GCC_WARN_UNINITIALIZED_AUTOS = YES_AGGRESSIVE;
				GCC_WARN_UNUSED_FUNCTION = YES;
				GCC_WARN_UNUSED_VARIABLE = YES;
				IPHONEOS_DEPLOYMENT_TARGET = 16.0;
				MTL_ENABLE_DEBUG_INFO = INCLUDE_SOURCE;
				MTL_FAST_MATH = YES;
				ONLY_ACTIVE_ARCH = YES;
				SDKROOT = iphoneos;
				SWIFT_ACTIVE_COMPILATION_CONDITIONS = DEBUG;
				SWIFT_OPTIMIZATION_LEVEL = "-Onone";
			};
			name = Debug;
		};
		58469F142910DA67001B222C /* Release */ = {
			isa = XCBuildConfiguration;
			buildSettings = {
				ALWAYS_SEARCH_USER_PATHS = NO;
				CLANG_ANALYZER_NONNULL = YES;
				CLANG_ANALYZER_NUMBER_OBJECT_CONVERSION = YES_AGGRESSIVE;
				CLANG_CXX_LANGUAGE_STANDARD = "gnu++20";
				CLANG_ENABLE_MODULES = YES;
				CLANG_ENABLE_OBJC_ARC = YES;
				CLANG_ENABLE_OBJC_WEAK = YES;
				CLANG_WARN_BLOCK_CAPTURE_AUTORELEASING = YES;
				CLANG_WARN_BOOL_CONVERSION = YES;
				CLANG_WARN_COMMA = YES;
				CLANG_WARN_CONSTANT_CONVERSION = YES;
				CLANG_WARN_DEPRECATED_OBJC_IMPLEMENTATIONS = YES;
				CLANG_WARN_DIRECT_OBJC_ISA_USAGE = YES_ERROR;
				CLANG_WARN_DOCUMENTATION_COMMENTS = YES;
				CLANG_WARN_EMPTY_BODY = YES;
				CLANG_WARN_ENUM_CONVERSION = YES;
				CLANG_WARN_INFINITE_RECURSION = YES;
				CLANG_WARN_INT_CONVERSION = YES;
				CLANG_WARN_NON_LITERAL_NULL_CONVERSION = YES;
				CLANG_WARN_OBJC_IMPLICIT_RETAIN_SELF = YES;
				CLANG_WARN_OBJC_LITERAL_CONVERSION = YES;
				CLANG_WARN_OBJC_ROOT_CLASS = YES_ERROR;
				CLANG_WARN_QUOTED_INCLUDE_IN_FRAMEWORK_HEADER = YES;
				CLANG_WARN_RANGE_LOOP_ANALYSIS = YES;
				CLANG_WARN_STRICT_PROTOTYPES = YES;
				CLANG_WARN_SUSPICIOUS_MOVE = YES;
				CLANG_WARN_UNGUARDED_AVAILABILITY = YES_AGGRESSIVE;
				CLANG_WARN_UNREACHABLE_CODE = YES;
				CLANG_WARN__DUPLICATE_METHOD_MATCH = YES;
				COPY_PHASE_STRIP = NO;
				DEBUG_INFORMATION_FORMAT = "dwarf-with-dsym";
				ENABLE_NS_ASSERTIONS = NO;
				ENABLE_STRICT_OBJC_MSGSEND = YES;
				GCC_C_LANGUAGE_STANDARD = gnu11;
				GCC_NO_COMMON_BLOCKS = YES;
				GCC_WARN_64_TO_32_BIT_CONVERSION = YES;
				GCC_WARN_ABOUT_RETURN_TYPE = YES_ERROR;
				GCC_WARN_UNDECLARED_SELECTOR = YES;
				GCC_WARN_UNINITIALIZED_AUTOS = YES_AGGRESSIVE;
				GCC_WARN_UNUSED_FUNCTION = YES;
				GCC_WARN_UNUSED_VARIABLE = YES;
				IPHONEOS_DEPLOYMENT_TARGET = 16.0;
				MTL_ENABLE_DEBUG_INFO = NO;
				MTL_FAST_MATH = YES;
				SDKROOT = iphoneos;
				SWIFT_COMPILATION_MODE = wholemodule;
				SWIFT_OPTIMIZATION_LEVEL = "-O";
				VALIDATE_PRODUCT = YES;
			};
			name = Release;
		};
		58469F162910DA67001B222C /* Debug */ = {
			isa = XCBuildConfiguration;
			buildSettings = {
				ASSETCATALOG_COMPILER_APPICON_NAME = AppIcon;
				ASSETCATALOG_COMPILER_GLOBAL_ACCENT_COLOR_NAME = AccentColor;
				CODE_SIGN_STYLE = Automatic;
				CURRENT_PROJECT_VERSION = 1;
				DEVELOPMENT_TEAM = 8G29UAGG95;
				GENERATE_INFOPLIST_FILE = YES;
				INFOPLIST_FILE = "list app/Supporting Files/Info.plist";
				INFOPLIST_KEY_UIApplicationSupportsIndirectInputEvents = YES;
				INFOPLIST_KEY_UILaunchStoryboardName = LaunchScreen;
				INFOPLIST_KEY_UIMainStoryboardFile = Main;
				INFOPLIST_KEY_UISupportedInterfaceOrientations = UIInterfaceOrientationPortrait;
				LD_RUNPATH_SEARCH_PATHS = (
					"$(inherited)",
					"@executable_path/Frameworks",
				);
				MARKETING_VERSION = 1.0;
				PRODUCT_BUNDLE_IDENTIFIER = "com.abdullahsivil.list-app";
				PRODUCT_NAME = "$(TARGET_NAME)";
				SWIFT_EMIT_LOC_STRINGS = YES;
				SWIFT_VERSION = 5.0;
				TARGETED_DEVICE_FAMILY = "1,2";
			};
			name = Debug;
		};
		58469F172910DA67001B222C /* Release */ = {
			isa = XCBuildConfiguration;
			buildSettings = {
				ASSETCATALOG_COMPILER_APPICON_NAME = AppIcon;
				ASSETCATALOG_COMPILER_GLOBAL_ACCENT_COLOR_NAME = AccentColor;
				CODE_SIGN_STYLE = Automatic;
				CURRENT_PROJECT_VERSION = 1;
				DEVELOPMENT_TEAM = 8G29UAGG95;
				GENERATE_INFOPLIST_FILE = YES;
				INFOPLIST_FILE = "list app/Supporting Files/Info.plist";
				INFOPLIST_KEY_UIApplicationSupportsIndirectInputEvents = YES;
				INFOPLIST_KEY_UILaunchStoryboardName = LaunchScreen;
				INFOPLIST_KEY_UIMainStoryboardFile = Main;
				INFOPLIST_KEY_UISupportedInterfaceOrientations = UIInterfaceOrientationPortrait;
				LD_RUNPATH_SEARCH_PATHS = (
					"$(inherited)",
					"@executable_path/Frameworks",
				);
				MARKETING_VERSION = 1.0;
				PRODUCT_BUNDLE_IDENTIFIER = "com.abdullahsivil.list-app";
				PRODUCT_NAME = "$(TARGET_NAME)";
				SWIFT_EMIT_LOC_STRINGS = YES;
				SWIFT_VERSION = 5.0;
				TARGETED_DEVICE_FAMILY = "1,2";
			};
			name = Release;
		};
/* End XCBuildConfiguration section */

/* Begin XCConfigurationList section */
		58469EF92910DA65001B222C /* Build configuration list for PBXProject "list app" */ = {
			isa = XCConfigurationList;
			buildConfigurations = (
				58469F132910DA67001B222C /* Debug */,
				58469F142910DA67001B222C /* Release */,
			);
			defaultConfigurationIsVisible = 0;
			defaultConfigurationName = Release;
		};
		58469F152910DA67001B222C /* Build configuration list for PBXNativeTarget "list app" */ = {
			isa = XCConfigurationList;
			buildConfigurations = (
				58469F162910DA67001B222C /* Debug */,
				58469F172910DA67001B222C /* Release */,
			);
			defaultConfigurationIsVisible = 0;
			defaultConfigurationName = Release;
		};
/* End XCConfigurationList section */

/* Begin XCVersionGroup section */
		58469F0A2910DA65001B222C /* list_app.xcdatamodeld */ = {
			isa = XCVersionGroup;
			children = (
				58469F0B2910DA65001B222C /* list_app.xcdatamodel */,
			);
			currentVersion = 58469F0B2910DA65001B222C /* list_app.xcdatamodel */;
			path = list_app.xcdatamodeld;
			sourceTree = "<group>";
			versionGroupType = wrapper.xcdatamodel;
		};
/* End XCVersionGroup section */
	};
	rootObject = 58469EF62910DA65001B222C /* Project object */;
}
